Microsoft Visual Studio Solution File, Format Version 12.00
# Visual Studio Version 17
VisualStudioVersion = 17.5.2.0
MinimumVisualStudioVersion = 10.0.40219.1
Project("{FAE04EC0-301F-11D3-BF4B-00C04F79EFBC}") = "LC974", "LC-974 Subarray Sum Divisible by K\LC974.csproj", "{6C6F3FC4-7857-E428-3DE9-414FFB768199}"
EndProject
Global
	GlobalSection(SolutionConfigurationPlatforms) = preSolution
		Debug|Any CPU = Debug|Any CPU
		Release|Any CPU = Release|Any CPU
	EndGlobalSection
	GlobalSection(ProjectConfigurationPlatforms) = postSolution
		{6C6F3FC4-7857-E428-3DE9-414FFB768199}.Debug|Any CPU.ActiveCfg = Debug|Any CPU
		{6C6F3FC4-7857-E428-3DE9-414FFB768199}.Debug|Any CPU.Build.0 = Debug|Any CPU
		{6C6F3FC4-7857-E428-3DE9-414FFB768199}.Release|Any CPU.ActiveCfg = Release|Any CPU
		{6C6F3FC4-7857-E428-3DE9-414FFB768199}.Release|Any CPU.Build.0 = Release|Any CPU
	EndGlobalSection
	GlobalSection(SolutionProperties) = preSolution
		HideSolutionNode = FALSE
	EndGlobalSection
	GlobalSection(ExtensibilityGlobals) = postSolution
		SolutionGuid = {516DF96A-5BF2-4B42-9BEC-FB64779CC3DA}
	EndGlobalSection
EndGlobal
