Microsoft Visual Studio Solution File, Format Version 12.00
# Visual Studio Version 17
VisualStudioVersion = 17.5.2.0
MinimumVisualStudioVersion = 10.0.40219.1
Project("{FAE04EC0-301F-11D3-BF4B-00C04F79EFBC}") = "LC28", "LC28.csproj", "{A43E08D1-B360-68A4-5685-282F153C6010}"
EndProject
Global
	GlobalSection(SolutionConfigurationPlatforms) = preSolution
		Debug|Any CPU = Debug|Any CPU
		Release|Any CPU = Release|Any CPU
	EndGlobalSection
	GlobalSection(ProjectConfigurationPlatforms) = postSolution
		{A43E08D1-B360-68A4-5685-282F153C6010}.Debug|Any CPU.ActiveCfg = Debug|Any CPU
		{A43E08D1-B360-68A4-5685-282F153C6010}.Debug|Any CPU.Build.0 = Debug|Any CPU
		{A43E08D1-B360-68A4-5685-282F153C6010}.Release|Any CPU.ActiveCfg = Release|Any CPU
		{A43E08D1-B360-68A4-5685-282F153C6010}.Release|Any CPU.Build.0 = Release|Any CPU
	EndGlobalSection
	GlobalSection(SolutionProperties) = preSolution
		HideSolutionNode = FALSE
	EndGlobalSection
	GlobalSection(ExtensibilityGlobals) = postSolution
		SolutionGuid = {B4ECE66F-C40B-477E-8E77-D01807508CB6}
	EndGlobalSection
EndGlobal
