Microsoft Visual Studio Solution File, Format Version 12.00
# Visual Studio Version 17
VisualStudioVersion = 17.5.2.0
MinimumVisualStudioVersion = 10.0.40219.1
Project("{FAE04EC0-301F-11D3-BF4B-00C04F79EFBC}") = "LC739", "LC739.csproj", "{1C5ACE6F-C8D5-AEC2-1A39-14B58C80C6FB}"
EndProject
Global
	GlobalSection(SolutionConfigurationPlatforms) = preSolution
		Debug|Any CPU = Debug|Any CPU
		Release|Any CPU = Release|Any CPU
	EndGlobalSection
	GlobalSection(ProjectConfigurationPlatforms) = postSolution
		{1C5ACE6F-C8D5-AEC2-1A39-14B58C80C6FB}.Debug|Any CPU.ActiveCfg = Debug|Any CPU
		{1C5ACE6F-C8D5-AEC2-1A39-14B58C80C6FB}.Debug|Any CPU.Build.0 = Debug|Any CPU
		{1C5ACE6F-C8D5-AEC2-1A39-14B58C80C6FB}.Release|Any CPU.ActiveCfg = Release|Any CPU
		{1C5ACE6F-C8D5-AEC2-1A39-14B58C80C6FB}.Release|Any CPU.Build.0 = Release|Any CPU
	EndGlobalSection
	GlobalSection(SolutionProperties) = preSolution
		HideSolutionNode = FALSE
	EndGlobalSection
	GlobalSection(ExtensibilityGlobals) = postSolution
		SolutionGuid = {1C0B1D25-9A22-4CA8-9DEB-C380947415C4}
	EndGlobalSection
EndGlobal
