Microsoft Visual Studio Solution File, Format Version 12.00
# Visual Studio Version 17
VisualStudioVersion = 17.5.2.0
MinimumVisualStudioVersion = 10.0.40219.1
Project("{FAE04EC0-301F-11D3-BF4B-00C04F79EFBC}") = "LC53", "LC53.csproj", "{02D5BE5B-F462-91D2-923A-D325D865FFDC}"
EndProject
Global
	GlobalSection(SolutionConfigurationPlatforms) = preSolution
		Debug|Any CPU = Debug|Any CPU
		Release|Any CPU = Release|Any CPU
	EndGlobalSection
	GlobalSection(ProjectConfigurationPlatforms) = postSolution
		{02D5BE5B-F462-91D2-923A-D325D865FFDC}.Debug|Any CPU.ActiveCfg = Debug|Any CPU
		{02D5BE5B-F462-91D2-923A-D325D865FFDC}.Debug|Any CPU.Build.0 = Debug|Any CPU
		{02D5BE5B-F462-91D2-923A-D325D865FFDC}.Release|Any CPU.ActiveCfg = Release|Any CPU
		{02D5BE5B-F462-91D2-923A-D325D865FFDC}.Release|Any CPU.Build.0 = Release|Any CPU
	EndGlobalSection
	GlobalSection(SolutionProperties) = preSolution
		HideSolutionNode = FALSE
	EndGlobalSection
	GlobalSection(ExtensibilityGlobals) = postSolution
		SolutionGuid = {523CD27A-FCFB-4E58-9056-03AD91C09817}
	EndGlobalSection
EndGlobal
