Microsoft Visual Studio Solution File, Format Version 12.00
# Visual Studio Version 17
VisualStudioVersion = 17.5.2.0
MinimumVisualStudioVersion = 10.0.40219.1
Project("{FAE04EC0-301F-11D3-BF4B-00C04F79EFBC}") = "LC796", "LC796.csproj", "{F5D8B54D-8859-F339-B341-1C5E10164A6C}"
EndProject
Global
	GlobalSection(SolutionConfigurationPlatforms) = preSolution
		Debug|Any CPU = Debug|Any CPU
		Release|Any CPU = Release|Any CPU
	EndGlobalSection
	GlobalSection(ProjectConfigurationPlatforms) = postSolution
		{F5D8B54D-8859-F339-B341-1C5E10164A6C}.Debug|Any CPU.ActiveCfg = Debug|Any CPU
		{F5D8B54D-8859-F339-B341-1C5E10164A6C}.Debug|Any CPU.Build.0 = Debug|Any CPU
		{F5D8B54D-8859-F339-B341-1C5E10164A6C}.Release|Any CPU.ActiveCfg = Release|Any CPU
		{F5D8B54D-8859-F339-B341-1C5E10164A6C}.Release|Any CPU.Build.0 = Release|Any CPU
	EndGlobalSection
	GlobalSection(SolutionProperties) = preSolution
		HideSolutionNode = FALSE
	EndGlobalSection
	GlobalSection(ExtensibilityGlobals) = postSolution
		SolutionGuid = {14C229D5-AB39-4C02-8B85-D95DB33E4025}
	EndGlobalSection
EndGlobal
