Microsoft Visual Studio Solution File, Format Version 12.00
# Visual Studio Version 17
VisualStudioVersion = 17.5.2.0
MinimumVisualStudioVersion = 10.0.40219.1
Project("{FAE04EC0-301F-11D3-BF4B-00C04F79EFBC}") = "LC707", "LC707.csproj", "{9738FB5E-EA46-8BD6-6238-D8DFACB30C69}"
EndProject
Global
	GlobalSection(SolutionConfigurationPlatforms) = preSolution
		Debug|Any CPU = Debug|Any CPU
		Release|Any CPU = Release|Any CPU
	EndGlobalSection
	GlobalSection(ProjectConfigurationPlatforms) = postSolution
		{9738FB5E-EA46-8BD6-6238-D8DFACB30C69}.Debug|Any CPU.ActiveCfg = Debug|Any CPU
		{9738FB5E-EA46-8BD6-6238-D8DFACB30C69}.Debug|Any CPU.Build.0 = Debug|Any CPU
		{9738FB5E-EA46-8BD6-6238-D8DFACB30C69}.Release|Any CPU.ActiveCfg = Release|Any CPU
		{9738FB5E-EA46-8BD6-6238-D8DFACB30C69}.Release|Any CPU.Build.0 = Release|Any CPU
	EndGlobalSection
	GlobalSection(SolutionProperties) = preSolution
		HideSolutionNode = FALSE
	EndGlobalSection
	GlobalSection(ExtensibilityGlobals) = postSolution
		SolutionGuid = {DE169BC4-7F6B-4611-8A42-29F757E6A4CE}
	EndGlobalSection
EndGlobal
