Microsoft Visual Studio Solution File, Format Version 12.00
# Visual Studio Version 17
VisualStudioVersion = 17.5.2.0
MinimumVisualStudioVersion = 10.0.40219.1
Project("{FAE04EC0-301F-11D3-BF4B-00C04F79EFBC}") = "LC622", "LC622\LC622.csproj", "{AA62C676-8B06-99D4-18E0-A7D6D221BE08}"
EndProject
Global
	GlobalSection(SolutionConfigurationPlatforms) = preSolution
		Debug|Any CPU = Debug|Any CPU
		Release|Any CPU = Release|Any CPU
	EndGlobalSection
	GlobalSection(ProjectConfigurationPlatforms) = postSolution
		{AA62C676-8B06-99D4-18E0-A7D6D221BE08}.Debug|Any CPU.ActiveCfg = Debug|Any CPU
		{AA62C676-8B06-99D4-18E0-A7D6D221BE08}.Debug|Any CPU.Build.0 = Debug|Any CPU
		{AA62C676-8B06-99D4-18E0-A7D6D221BE08}.Release|Any CPU.ActiveCfg = Release|Any CPU
		{AA62C676-8B06-99D4-18E0-A7D6D221BE08}.Release|Any CPU.Build.0 = Release|Any CPU
	EndGlobalSection
	GlobalSection(SolutionProperties) = preSolution
		HideSolutionNode = FALSE
	EndGlobalSection
	GlobalSection(ExtensibilityGlobals) = postSolution
		SolutionGuid = {72F77F83-E0E6-4DA2-8D7B-0221A34B4832}
	EndGlobalSection
EndGlobal
