Microsoft Visual Studio Solution File, Format Version 12.00
# Visual Studio Version 17
VisualStudioVersion = 17.5.2.0
MinimumVisualStudioVersion = 10.0.40219.1
Project("{FAE04EC0-301F-11D3-BF4B-00C04F79EFBC}") = "LC1047", "LC1047\LC1047.csproj", "{C85A2EB6-9077-44CD-2CC4-4D3624CC441E}"
EndProject
Global
	GlobalSection(SolutionConfigurationPlatforms) = preSolution
		Debug|Any CPU = Debug|Any CPU
		Release|Any CPU = Release|Any CPU
	EndGlobalSection
	GlobalSection(ProjectConfigurationPlatforms) = postSolution
		{C85A2EB6-9077-44CD-2CC4-4D3624CC441E}.Debug|Any CPU.ActiveCfg = Debug|Any CPU
		{C85A2EB6-9077-44CD-2CC4-4D3624CC441E}.Debug|Any CPU.Build.0 = Debug|Any CPU
		{C85A2EB6-9077-44CD-2CC4-4D3624CC441E}.Release|Any CPU.ActiveCfg = Release|Any CPU
		{C85A2EB6-9077-44CD-2CC4-4D3624CC441E}.Release|Any CPU.Build.0 = Release|Any CPU
	EndGlobalSection
	GlobalSection(SolutionProperties) = preSolution
		HideSolutionNode = FALSE
	EndGlobalSection
	GlobalSection(ExtensibilityGlobals) = postSolution
		SolutionGuid = {8CFB6485-F247-4143-B4EA-3608F0F7781E}
	EndGlobalSection
EndGlobal
