Microsoft Visual Studio Solution File, Format Version 12.00
# Visual Studio Version 17
VisualStudioVersion = 17.5.2.0
MinimumVisualStudioVersion = 10.0.40219.1
Project("{FAE04EC0-301F-11D3-BF4B-00C04F79EFBC}") = "LC1768", "LC1768\LC1768.csproj", "{C0B635BF-82DA-A306-54FB-FF053C71227F}"
EndProject
Global
	GlobalSection(SolutionConfigurationPlatforms) = preSolution
		Debug|Any CPU = Debug|Any CPU
		Release|Any CPU = Release|Any CPU
	EndGlobalSection
	GlobalSection(ProjectConfigurationPlatforms) = postSolution
		{C0B635BF-82DA-A306-54FB-FF053C71227F}.Debug|Any CPU.ActiveCfg = Debug|Any CPU
		{C0B635BF-82DA-A306-54FB-FF053C71227F}.Debug|Any CPU.Build.0 = Debug|Any CPU
		{C0B635BF-82DA-A306-54FB-FF053C71227F}.Release|Any CPU.ActiveCfg = Release|Any CPU
		{C0B635BF-82DA-A306-54FB-FF053C71227F}.Release|Any CPU.Build.0 = Release|Any CPU
	EndGlobalSection
	GlobalSection(SolutionProperties) = preSolution
		HideSolutionNode = FALSE
	EndGlobalSection
	GlobalSection(ExtensibilityGlobals) = postSolution
		SolutionGuid = {83C26B81-C76E-4909-9033-43212C8C054E}
	EndGlobalSection
EndGlobal
